
Microsoft Visual Studio Solution File, Format Version 12.00
# Visual Studio 14
VisualStudioVersion = 14.0.23107.0
MinimumVisualStudioVersion = 10.0.40219.1
Project("{FAE04EC0-301F-11D3-BF4B-00C04F79EFBC}") = "WebApplication7", "WebApplication7\WebApplication7.csproj", "{EB642135-3003-4A9E-87A8-03A5E4645078}"
EndProject
Global
	GlobalSection(SolutionConfigurationPlatforms) = preSolution
		Debug|Any CPU = Debug|Any CPU
		Release|Any CPU = Release|Any CPU
	EndGlobalSection
	GlobalSection(ProjectConfigurationPlatforms) = postSolution
		{EB642135-3003-4A9E-87A8-03A5E4645078}.Debug|Any CPU.ActiveCfg = Debug|Any CPU
		{EB642135-3003-4A9E-87A8-03A5E4645078}.Debug|Any CPU.Build.0 = Debug|Any CPU
		{EB642135-3003-4A9E-87A8-03A5E4645078}.Release|Any CPU.ActiveCfg = Release|Any CPU
		{EB642135-3003-4A9E-87A8-03A5E4645078}.Release|Any CPU.Build.0 = Release|Any CPU
	EndGlobalSection
	GlobalSection(SolutionProperties) = preSolution
		HideSolutionNode = FALSE
	EndGlobalSection
EndGlobal
